<?xml version="1.0" encoding="utf-8"?>
<Project ToolsVersion="4.0" xmlns="http://schemas.microsoft.com/developer/msbuild/2003">
  <ItemGroup>
    <Filter Include="WindowPanels">
      <UniqueIdentifier>{E0EC17E6-CC4F-A78A-75D5-DF406117730D}</UniqueIdentifier>
    </Filter>
  </ItemGroup>
  <ItemGroup>
    <ClInclude Include="src\EditorLayer.h" />
    <ClInclude Include="src\WindowPanels\KeyBindingsWindow.h">
      <Filter>WindowPanels</Filter>
    </ClInclude>
    <ClInclude Include="src\WindowPanels\SceneHeiracrchyPanel.h">
      <Filter>WindowPanels</Filter>
    </ClInclude>
  </ItemGroup>
  <ItemGroup>
    <ClCompile Include="src\EditorLayer.cpp" />
    <ClCompile Include="src\WindowPanels\KeyBindingsWindow.cpp">
      <Filter>WindowPanels</Filter>
    </ClCompile>
    <ClCompile Include="src\WindowPanels\SceneHeiracrchyPanel.cpp">
      <Filter>WindowPanels</Filter>
    </ClCompile>
    <ClCompile Include="src\XenosEditorApp.cpp" />
  </ItemGroup>
</Project>